# This file is automatically @generated by Cargo.
# It is not intended for manual editing.
version = 3

[[package]]
name = "bettersnap-core"
version = "0.1.0"

[[package]]
name = "bettersnap-platform"
version = "0.1.0"
dependencies = [
 "bettersnap-core",
]

[[package]]
name = "bettersnap-windows"
version = "0.1.0"
dependencies = [
 "bettersnap-core",
]
